
Microsoft Visual Studio Solution File, Format Version 12.00
# Visual Studio Version 17
VisualStudioVersion = 17.3.32901.215
MinimumVisualStudioVersion = 10.0.40219.1
Project("{FAE04EC0-301F-11D3-BF4B-00C04F79EFBC}") = "GitDemo", "GitDemo\GitDemo.csproj", "{A7910204-89B3-4D56-B78B-B4DA2D2C8B3D}"
EndProject
Global
	GlobalSection(SolutionConfigurationPlatforms) = preSolution
		Debug|Any CPU = Debug|Any CPU
		Release|Any CPU = Release|Any CPU
	EndGlobalSection
	GlobalSection(ProjectConfigurationPlatforms) = postSolution
		{A7910204-89B3-4D56-B78B-B4DA2D2C8B3D}.Debug|Any CPU.ActiveCfg = Debug|Any CPU
		{A7910204-89B3-4D56-B78B-B4DA2D2C8B3D}.Debug|Any CPU.Build.0 = Debug|Any CPU
		{A7910204-89B3-4D56-B78B-B4DA2D2C8B3D}.Release|Any CPU.ActiveCfg = Release|Any CPU
		{A7910204-89B3-4D56-B78B-B4DA2D2C8B3D}.Release|Any CPU.Build.0 = Release|Any CPU
	EndGlobalSection
	GlobalSection(SolutionProperties) = preSolution
		HideSolutionNode = FALSE
	EndGlobalSection
	GlobalSection(ExtensibilityGlobals) = postSolution
		SolutionGuid = {338C73E4-330B-4951-B495-9537DEB45C2F}
	EndGlobalSection
EndGlobal
